
Microsoft Visual Studio Solution File, Format Version 12.00
# Visual Studio Version 16
VisualStudioVersion = 16.0.31702.278
MinimumVisualStudioVersion = 10.0.40219.1
Project("{9A19103F-16F7-4668-BE54-9A1E7A4F7556}") = "Banking.API", "Banking.API\Banking.API.csproj", "{23A9A481-73B2-4609-BC55-4F67436D75FA}"
EndProject
Project("{9A19103F-16F7-4668-BE54-9A1E7A4F7556}") = "Banking.Model", "Banking.Model\Banking.Model.csproj", "{6A94ABB1-1FF7-4D37-A1C5-1C57488512B0}"
EndProject
Project("{9A19103F-16F7-4668-BE54-9A1E7A4F7556}") = "Banking.Services", "Banking.Services\Banking.Services.csproj", "{EB0C594F-81ED-48AA-B9F8-CCF5B362C992}"
EndProject
Project("{9A19103F-16F7-4668-BE54-9A1E7A4F7556}") = "BankingSystem", "BankingSystem\BankingSystem.csproj", "{EF30FBBA-B6EF-42B8-8EAE-E25ECCD42816}"
EndProject
Global
	GlobalSection(SolutionConfigurationPlatforms) = preSolution
		Debug|Any CPU = Debug|Any CPU
		Release|Any CPU = Release|Any CPU
	EndGlobalSection
	GlobalSection(ProjectConfigurationPlatforms) = postSolution
		{23A9A481-73B2-4609-BC55-4F67436D75FA}.Debug|Any CPU.ActiveCfg = Debug|Any CPU
		{23A9A481-73B2-4609-BC55-4F67436D75FA}.Debug|Any CPU.Build.0 = Debug|Any CPU
		{23A9A481-73B2-4609-BC55-4F67436D75FA}.Release|Any CPU.ActiveCfg = Release|Any CPU
		{23A9A481-73B2-4609-BC55-4F67436D75FA}.Release|Any CPU.Build.0 = Release|Any CPU
		{6A94ABB1-1FF7-4D37-A1C5-1C57488512B0}.Debug|Any CPU.ActiveCfg = Debug|Any CPU
		{6A94ABB1-1FF7-4D37-A1C5-1C57488512B0}.Debug|Any CPU.Build.0 = Debug|Any CPU
		{6A94ABB1-1FF7-4D37-A1C5-1C57488512B0}.Release|Any CPU.ActiveCfg = Release|Any CPU
		{6A94ABB1-1FF7-4D37-A1C5-1C57488512B0}.Release|Any CPU.Build.0 = Release|Any CPU
		{EB0C594F-81ED-48AA-B9F8-CCF5B362C992}.Debug|Any CPU.ActiveCfg = Debug|Any CPU
		{EB0C594F-81ED-48AA-B9F8-CCF5B362C992}.Debug|Any CPU.Build.0 = Debug|Any CPU
		{EB0C594F-81ED-48AA-B9F8-CCF5B362C992}.Release|Any CPU.ActiveCfg = Release|Any CPU
		{EB0C594F-81ED-48AA-B9F8-CCF5B362C992}.Release|Any CPU.Build.0 = Release|Any CPU
		{EF30FBBA-B6EF-42B8-8EAE-E25ECCD42816}.Debug|Any CPU.ActiveCfg = Debug|Any CPU
		{EF30FBBA-B6EF-42B8-8EAE-E25ECCD42816}.Debug|Any CPU.Build.0 = Debug|Any CPU
		{EF30FBBA-B6EF-42B8-8EAE-E25ECCD42816}.Release|Any CPU.ActiveCfg = Release|Any CPU
		{EF30FBBA-B6EF-42B8-8EAE-E25ECCD42816}.Release|Any CPU.Build.0 = Release|Any CPU
	EndGlobalSection
	GlobalSection(SolutionProperties) = preSolution
		HideSolutionNode = FALSE
	EndGlobalSection
	GlobalSection(ExtensibilityGlobals) = postSolution
		SolutionGuid = {515C01B0-FF47-4963-BC97-3603C383DA85}
	EndGlobalSection
EndGlobal
